
Microsoft Visual Studio Solution File, Format Version 12.00
# Visual Studio Version 17
VisualStudioVersion = 17.13.35931.197 d17.13
MinimumVisualStudioVersion = 10.0.40219.1
Project("{FAE04EC0-301F-11D3-BF4B-00C04F79EFBC}") = "Advent_Of_Code_2025", "Advent_Of_Code_2025.csproj", "{2C22A058-B3B9-4D4C-865E-A3132F7DCC66}"
EndProject
Global
	GlobalSection(SolutionConfigurationPlatforms) = preSolution
		Debug|Any CPU = Debug|Any CPU
		Release|Any CPU = Release|Any CPU
	EndGlobalSection
	GlobalSection(ProjectConfigurationPlatforms) = postSolution
		{2C22A058-B3B9-4D4C-865E-A3132F7DCC66}.Debug|Any CPU.ActiveCfg = Debug|Any CPU
		{2C22A058-B3B9-4D4C-865E-A3132F7DCC66}.Debug|Any CPU.Build.0 = Debug|Any CPU
		{2C22A058-B3B9-4D4C-865E-A3132F7DCC66}.Release|Any CPU.ActiveCfg = Release|Any CPU
		{2C22A058-B3B9-4D4C-865E-A3132F7DCC66}.Release|Any CPU.Build.0 = Release|Any CPU
	EndGlobalSection
	GlobalSection(SolutionProperties) = preSolution
		HideSolutionNode = FALSE
	EndGlobalSection
	GlobalSection(ExtensibilityGlobals) = postSolution
		SolutionGuid = {3555035E-847B-449F-9A69-FF821132E474}
	EndGlobalSection
EndGlobal
